// !$*UTF8*$!
{
	archiveVersion = 1;
	classes = {
	};
	objectVersion = 56;
	objects = {

/* Begin PBXBuildFile section */
		9DCC1BEDADF4EEE324E7FF67 /* Pods_Fluency.framework in Frameworks */ = {isa = PBXBuildFile; fileRef = 2B471370D9EBF568B1C93BC0 /* Pods_Fluency.framework */; };
		A4F7F065F1DFE8F79EE5FBA2 /* Pods_Fluency_FluencyUITests.framework in Frameworks */ = {isa = PBXBuildFile; fileRef = F788111D363CFCFAD146BCD5 /* Pods_Fluency_FluencyUITests.framework */; };
		A740167FF06037DF1BB4A20E /* Pods_FluencyTests.framework in Frameworks */ = {isa = PBXBuildFile; fileRef = DED82D03D75E40CD44433807 /* Pods_FluencyTests.framework */; };
		DE898C4D291C021D00FB744D /* AppDelegate.swift in Sources */ = {isa = PBXBuildFile; fileRef = DE898C4C291C021D00FB744D /* AppDelegate.swift */; };
		DE898C4F291C021D00FB744D /* SceneDelegate.swift in Sources */ = {isa = PBXBuildFile; fileRef = DE898C4E291C021D00FB744D /* SceneDelegate.swift */; };
		DE898C51291C021D00FB744D /* TranslationViewController.swift in Sources */ = {isa = PBXBuildFile; fileRef = DE898C50291C021D00FB744D /* TranslationViewController.swift */; };
		DE898C54291C021D00FB744D /* Main.storyboard in Resources */ = {isa = PBXBuildFile; fileRef = DE898C52291C021D00FB744D /* Main.storyboard */; };
		DE898C56291C021D00FB744D /* Assets.xcassets in Resources */ = {isa = PBXBuildFile; fileRef = DE898C55291C021D00FB744D /* Assets.xcassets */; };
		DE898C59291C021D00FB744D /* LaunchScreen.storyboard in Resources */ = {isa = PBXBuildFile; fileRef = DE898C57291C021D00FB744D /* LaunchScreen.storyboard */; };
		DE898C64291C021E00FB744D /* FluencyTests.swift in Sources */ = {isa = PBXBuildFile; fileRef = DE898C63291C021E00FB744D /* FluencyTests.swift */; };
		DE898C6E291C021E00FB744D /* FluencyUITests.swift in Sources */ = {isa = PBXBuildFile; fileRef = DE898C6D291C021E00FB744D /* FluencyUITests.swift */; };
		DE898C70291C021E00FB744D /* FluencyUITestsLaunchTests.swift in Sources */ = {isa = PBXBuildFile; fileRef = DE898C6F291C021E00FB744D /* FluencyUITestsLaunchTests.swift */; };
		DEE1CC40291C2A000062CE86 /* AppExtensions.swift in Sources */ = {isa = PBXBuildFile; fileRef = DEE1CC3F291C2A000062CE86 /* AppExtensions.swift */; };
		DEE1CC43291C2AAE0062CE86 /* AppConstants.swift in Sources */ = {isa = PBXBuildFile; fileRef = DEE1CC42291C2AAE0062CE86 /* AppConstants.swift */; };
/* End PBXBuildFile section */

/* Begin PBXContainerItemProxy section */
		DE898C60291C021E00FB744D /* PBXContainerItemProxy */ = {
			isa = PBXContainerItemProxy;
			containerPortal = DE898C41291C021D00FB744D /* Project object */;
			proxyType = 1;
			remoteGlobalIDString = DE898C48291C021D00FB744D;
			remoteInfo = Fluency;
		};
		DE898C6A291C021E00FB744D /* PBXContainerItemProxy */ = {
			isa = PBXContainerItemProxy;
			containerPortal = DE898C41291C021D00FB744D /* Project object */;
			proxyType = 1;
			remoteGlobalIDString = DE898C48291C021D00FB744D;
			remoteInfo = Fluency;
		};
/* End PBXContainerItemProxy section */

/* Begin PBXFileReference section */
		070367CA19D83AEBEA48E18C /* Pods-Fluency-FluencyUITests.debug.xcconfig */ = {isa = PBXFileReference; includeInIndex = 1; lastKnownFileType = text.xcconfig; name = "Pods-Fluency-FluencyUITests.debug.xcconfig"; path = "Target Support Files/Pods-Fluency-FluencyUITests/Pods-Fluency-FluencyUITests.debug.xcconfig"; sourceTree = "<group>"; };
		0C285CF55ADCFCAA347FF5A8 /* Pods-Fluency-FluencyUITests.release.xcconfig */ = {isa = PBXFileReference; includeInIndex = 1; lastKnownFileType = text.xcconfig; name = "Pods-Fluency-FluencyUITests.release.xcconfig"; path = "Target Support Files/Pods-Fluency-FluencyUITests/Pods-Fluency-FluencyUITests.release.xcconfig"; sourceTree = "<group>"; };
		2B471370D9EBF568B1C93BC0 /* Pods_Fluency.framework */ = {isa = PBXFileReference; explicitFileType = wrapper.framework; includeInIndex = 0; path = Pods_Fluency.framework; sourceTree = BUILT_PRODUCTS_DIR; };
		7F509DBBDA674F865689D38E /* Pods-FluencyTests.release.xcconfig */ = {isa = PBXFileReference; includeInIndex = 1; lastKnownFileType = text.xcconfig; name = "Pods-FluencyTests.release.xcconfig"; path = "Target Support Files/Pods-FluencyTests/Pods-FluencyTests.release.xcconfig"; sourceTree = "<group>"; };
		9C204872E5CE5C19443FB31C /* Pods-FluencyTests.debug.xcconfig */ = {isa = PBXFileReference; includeInIndex = 1; lastKnownFileType = text.xcconfig; name = "Pods-FluencyTests.debug.xcconfig"; path = "Target Support Files/Pods-FluencyTests/Pods-FluencyTests.debug.xcconfig"; sourceTree = "<group>"; };
		DB0F8EF4771BA3017151ED3B /* Pods-Fluency.debug.xcconfig */ = {isa = PBXFileReference; includeInIndex = 1; lastKnownFileType = text.xcconfig; name = "Pods-Fluency.debug.xcconfig"; path = "Target Support Files/Pods-Fluency/Pods-Fluency.debug.xcconfig"; sourceTree = "<group>"; };
		DE898C49291C021D00FB744D /* Fluency.app */ = {isa = PBXFileReference; explicitFileType = wrapper.application; includeInIndex = 0; path = Fluency.app; sourceTree = BUILT_PRODUCTS_DIR; };
		DE898C4C291C021D00FB744D /* AppDelegate.swift */ = {isa = PBXFileReference; lastKnownFileType = sourcecode.swift; path = AppDelegate.swift; sourceTree = "<group>"; };
		DE898C4E291C021D00FB744D /* SceneDelegate.swift */ = {isa = PBXFileReference; lastKnownFileType = sourcecode.swift; path = SceneDelegate.swift; sourceTree = "<group>"; };
		DE898C50291C021D00FB744D /* TranslationViewController.swift */ = {isa = PBXFileReference; lastKnownFileType = sourcecode.swift; path = TranslationViewController.swift; sourceTree = "<group>"; };
		DE898C53291C021D00FB744D /* Base */ = {isa = PBXFileReference; lastKnownFileType = file.storyboard; name = Base; path = Base.lproj/Main.storyboard; sourceTree = "<group>"; };
		DE898C55291C021D00FB744D /* Assets.xcassets */ = {isa = PBXFileReference; lastKnownFileType = folder.assetcatalog; path = Assets.xcassets; sourceTree = "<group>"; };
		DE898C58291C021D00FB744D /* Base */ = {isa = PBXFileReference; lastKnownFileType = file.storyboard; name = Base; path = Base.lproj/LaunchScreen.storyboard; sourceTree = "<group>"; };
		DE898C5A291C021D00FB744D /* Info.plist */ = {isa = PBXFileReference; lastKnownFileType = text.plist.xml; path = Info.plist; sourceTree = "<group>"; };
		DE898C5F291C021E00FB744D /* FluencyTests.xctest */ = {isa = PBXFileReference; explicitFileType = wrapper.cfbundle; includeInIndex = 0; path = FluencyTests.xctest; sourceTree = BUILT_PRODUCTS_DIR; };
		DE898C63291C021E00FB744D /* FluencyTests.swift */ = {isa = PBXFileReference; lastKnownFileType = sourcecode.swift; path = FluencyTests.swift; sourceTree = "<group>"; };
		DE898C69291C021E00FB744D /* FluencyUITests.xctest */ = {isa = PBXFileReference; explicitFileType = wrapper.cfbundle; includeInIndex = 0; path = FluencyUITests.xctest; sourceTree = BUILT_PRODUCTS_DIR; };
		DE898C6D291C021E00FB744D /* FluencyUITests.swift */ = {isa = PBXFileReference; lastKnownFileType = sourcecode.swift; path = FluencyUITests.swift; sourceTree = "<group>"; };
		DE898C6F291C021E00FB744D /* FluencyUITestsLaunchTests.swift */ = {isa = PBXFileReference; lastKnownFileType = sourcecode.swift; path = FluencyUITestsLaunchTests.swift; sourceTree = "<group>"; };
		DED82D03D75E40CD44433807 /* Pods_FluencyTests.framework */ = {isa = PBXFileReference; explicitFileType = wrapper.framework; includeInIndex = 0; path = Pods_FluencyTests.framework; sourceTree = BUILT_PRODUCTS_DIR; };
		DEE1CC3F291C2A000062CE86 /* AppExtensions.swift */ = {isa = PBXFileReference; lastKnownFileType = sourcecode.swift; path = AppExtensions.swift; sourceTree = "<group>"; };
		DEE1CC42291C2AAE0062CE86 /* AppConstants.swift */ = {isa = PBXFileReference; lastKnownFileType = sourcecode.swift; path = AppConstants.swift; sourceTree = "<group>"; };
		F37A9956E7FD27513A806355 /* Pods-Fluency.release.xcconfig */ = {isa = PBXFileReference; includeInIndex = 1; lastKnownFileType = text.xcconfig; name = "Pods-Fluency.release.xcconfig"; path = "Target Support Files/Pods-Fluency/Pods-Fluency.release.xcconfig"; sourceTree = "<group>"; };
		F788111D363CFCFAD146BCD5 /* Pods_Fluency_FluencyUITests.framework */ = {isa = PBXFileReference; explicitFileType = wrapper.framework; includeInIndex = 0; path = Pods_Fluency_FluencyUITests.framework; sourceTree = BUILT_PRODUCTS_DIR; };
/* End PBXFileReference section */

/* Begin PBXFrameworksBuildPhase section */
		DE898C46291C021D00FB744D /* Frameworks */ = {
			isa = PBXFrameworksBuildPhase;
			buildActionMask = 2147483647;
			files = (
				9DCC1BEDADF4EEE324E7FF67 /* Pods_Fluency.framework in Frameworks */,
			);
			runOnlyForDeploymentPostprocessing = 0;
		};
		DE898C5C291C021E00FB744D /* Frameworks */ = {
			isa = PBXFrameworksBuildPhase;
			buildActionMask = 2147483647;
			files = (
				A740167FF06037DF1BB4A20E /* Pods_FluencyTests.framework in Frameworks */,
			);
			runOnlyForDeploymentPostprocessing = 0;
		};
		DE898C66291C021E00FB744D /* Frameworks */ = {
			isa = PBXFrameworksBuildPhase;
			buildActionMask = 2147483647;
			files = (
				A4F7F065F1DFE8F79EE5FBA2 /* Pods_Fluency_FluencyUITests.framework in Frameworks */,
			);
			runOnlyForDeploymentPostprocessing = 0;
		};
/* End PBXFrameworksBuildPhase section */

/* Begin PBXGroup section */
		2CBFC02E695D777C42AD80EC /* Pods */ = {
			isa = PBXGroup;
			children = (
				DB0F8EF4771BA3017151ED3B /* Pods-Fluency.debug.xcconfig */,
				F37A9956E7FD27513A806355 /* Pods-Fluency.release.xcconfig */,
				070367CA19D83AEBEA48E18C /* Pods-Fluency-FluencyUITests.debug.xcconfig */,
				0C285CF55ADCFCAA347FF5A8 /* Pods-Fluency-FluencyUITests.release.xcconfig */,
				9C204872E5CE5C19443FB31C /* Pods-FluencyTests.debug.xcconfig */,
				7F509DBBDA674F865689D38E /* Pods-FluencyTests.release.xcconfig */,
			);
			path = Pods;
			sourceTree = "<group>";
		};
		81CC3F29C8F7727385B9275A /* Frameworks */ = {
			isa = PBXGroup;
			children = (
				2B471370D9EBF568B1C93BC0 /* Pods_Fluency.framework */,
				F788111D363CFCFAD146BCD5 /* Pods_Fluency_FluencyUITests.framework */,
				DED82D03D75E40CD44433807 /* Pods_FluencyTests.framework */,
			);
			name = Frameworks;
			sourceTree = "<group>";
		};
		DE898C40291C021D00FB744D = {
			isa = PBXGroup;
			children = (
				DE898C4B291C021D00FB744D /* Fluency */,
				DE898C62291C021E00FB744D /* FluencyTests */,
				DE898C6C291C021E00FB744D /* FluencyUITests */,
				DE898C4A291C021D00FB744D /* Products */,
				2CBFC02E695D777C42AD80EC /* Pods */,
				81CC3F29C8F7727385B9275A /* Frameworks */,
			);
			sourceTree = "<group>";
		};
		DE898C4A291C021D00FB744D /* Products */ = {
			isa = PBXGroup;
			children = (
				DE898C49291C021D00FB744D /* Fluency.app */,
				DE898C5F291C021E00FB744D /* FluencyTests.xctest */,
				DE898C69291C021E00FB744D /* FluencyUITests.xctest */,
			);
			name = Products;
			sourceTree = "<group>";
		};
		DE898C4B291C021D00FB744D /* Fluency */ = {
			isa = PBXGroup;
			children = (
				DEE1CC41291C2A5E0062CE86 /* Constants */,
				DE898C7C291C026100FB744D /* General */,
				DE898C7D291C027800FB744D /* Controllers */,
				DE898C7E291C02D000FB744D /* Storyboards */,
				DEE1CC3E291C29A40062CE86 /* Extensions */,
				DE898C7F291C02DE00FB744D /* Resources */,
				DE898C5A291C021D00FB744D /* Info.plist */,
			);
			path = Fluency;
			sourceTree = "<group>";
		};
		DE898C62291C021E00FB744D /* FluencyTests */ = {
			isa = PBXGroup;
			children = (
				DE898C63291C021E00FB744D /* FluencyTests.swift */,
			);
			path = FluencyTests;
			sourceTree = "<group>";
		};
		DE898C6C291C021E00FB744D /* FluencyUITests */ = {
			isa = PBXGroup;
			children = (
				DE898C6D291C021E00FB744D /* FluencyUITests.swift */,
				DE898C6F291C021E00FB744D /* FluencyUITestsLaunchTests.swift */,
			);
			path = FluencyUITests;
			sourceTree = "<group>";
		};
		DE898C7C291C026100FB744D /* General */ = {
			isa = PBXGroup;
			children = (
				DE898C4C291C021D00FB744D /* AppDelegate.swift */,
				DE898C4E291C021D00FB744D /* SceneDelegate.swift */,
			);
			path = General;
			sourceTree = "<group>";
		};
		DE898C7D291C027800FB744D /* Controllers */ = {
			isa = PBXGroup;
			children = (
				DE898C50291C021D00FB744D /* TranslationViewController.swift */,
			);
			path = Controllers;
			sourceTree = "<group>";
		};
		DE898C7E291C02D000FB744D /* Storyboards */ = {
			isa = PBXGroup;
			children = (
				DE898C52291C021D00FB744D /* Main.storyboard */,
				DE898C57291C021D00FB744D /* LaunchScreen.storyboard */,
			);
			path = Storyboards;
			sourceTree = "<group>";
		};
		DE898C7F291C02DE00FB744D /* Resources */ = {
			isa = PBXGroup;
			children = (
				DE898C55291C021D00FB744D /* Assets.xcassets */,
			);
			path = Resources;
			sourceTree = "<group>";
		};
		DEE1CC3E291C29A40062CE86 /* Extensions */ = {
			isa = PBXGroup;
			children = (
				DEE1CC3F291C2A000062CE86 /* AppExtensions.swift */,
			);
			path = Extensions;
			sourceTree = "<group>";
		};
		DEE1CC41291C2A5E0062CE86 /* Constants */ = {
			isa = PBXGroup;
			children = (
				DEE1CC42291C2AAE0062CE86 /* AppConstants.swift */,
			);
			path = Constants;
			sourceTree = "<group>";
		};
/* End PBXGroup section */

/* Begin PBXNativeTarget section */
		DE898C48291C021D00FB744D /* Fluency */ = {
			isa = PBXNativeTarget;
			buildConfigurationList = DE898C73291C021E00FB744D /* Build configuration list for PBXNativeTarget "Fluency" */;
			buildPhases = (
				0BEBB770BA91CA85111BCFE0 /* [CP] Check Pods Manifest.lock */,
				DE898C45291C021D00FB744D /* Sources */,
				DE898C46291C021D00FB744D /* Frameworks */,
				DE898C47291C021D00FB744D /* Resources */,
				DD185B89F9E320A436BA7C96 /* [CP] Embed Pods Frameworks */,
				D7871ED125502DE13092BA1A /* [CP] Copy Pods Resources */,
			);
			buildRules = (
			);
			dependencies = (
			);
			name = Fluency;
			productName = Fluency;
			productReference = DE898C49291C021D00FB744D /* Fluency.app */;
			productType = "com.apple.product-type.application";
		};
		DE898C5E291C021E00FB744D /* FluencyTests */ = {
			isa = PBXNativeTarget;
			buildConfigurationList = DE898C76291C021E00FB744D /* Build configuration list for PBXNativeTarget "FluencyTests" */;
			buildPhases = (
				FD934F8EBE382460A02D1385 /* [CP] Check Pods Manifest.lock */,
				DE898C5B291C021E00FB744D /* Sources */,
				DE898C5C291C021E00FB744D /* Frameworks */,
				DE898C5D291C021E00FB744D /* Resources */,
			);
			buildRules = (
			);
			dependencies = (
				DE898C61291C021E00FB744D /* PBXTargetDependency */,
			);
			name = FluencyTests;
			productName = FluencyTests;
			productReference = DE898C5F291C021E00FB744D /* FluencyTests.xctest */;
			productType = "com.apple.product-type.bundle.unit-test";
		};
		DE898C68291C021E00FB744D /* FluencyUITests */ = {
			isa = PBXNativeTarget;
			buildConfigurationList = DE898C79291C021E00FB744D /* Build configuration list for PBXNativeTarget "FluencyUITests" */;
			buildPhases = (
				1572862DE536E4FFA3E77799 /* [CP] Check Pods Manifest.lock */,
				DE898C65291C021E00FB744D /* Sources */,
				DE898C66291C021E00FB744D /* Frameworks */,
				DE898C67291C021E00FB744D /* Resources */,
				5487E2BE22BFC8AEF95B6B80 /* [CP] Embed Pods Frameworks */,
				BFBD9356242F14EC1C639E71 /* [CP] Copy Pods Resources */,
			);
			buildRules = (
			);
			dependencies = (
				DE898C6B291C021E00FB744D /* PBXTargetDependency */,
			);
			name = FluencyUITests;
			productName = FluencyUITests;
			productReference = DE898C69291C021E00FB744D /* FluencyUITests.xctest */;
			productType = "com.apple.product-type.bundle.ui-testing";
		};
/* End PBXNativeTarget section */

/* Begin PBXProject section */
		DE898C41291C021D00FB744D /* Project object */ = {
			isa = PBXProject;
			attributes = {
				BuildIndependentTargetsInParallel = 1;
				LastSwiftUpdateCheck = 1410;
				LastUpgradeCheck = 1410;
				TargetAttributes = {
					DE898C48291C021D00FB744D = {
						CreatedOnToolsVersion = 14.1;
					};
					DE898C5E291C021E00FB744D = {
						CreatedOnToolsVersion = 14.1;
						TestTargetID = DE898C48291C021D00FB744D;
					};
					DE898C68291C021E00FB744D = {
						CreatedOnToolsVersion = 14.1;
						TestTargetID = DE898C48291C021D00FB744D;
					};
				};
			};
			buildConfigurationList = DE898C44291C021D00FB744D /* Build configuration list for PBXProject "Fluency" */;
			compatibilityVersion = "Xcode 14.0";
			developmentRegion = en;
			hasScannedForEncodings = 0;
			knownRegions = (
				en,
				Base,
			);
			mainGroup = DE898C40291C021D00FB744D;
			productRefGroup = DE898C4A291C021D00FB744D /* Products */;
			projectDirPath = "";
			projectRoot = "";
			targets = (
				DE898C48291C021D00FB744D /* Fluency */,
				DE898C5E291C021E00FB744D /* FluencyTests */,
				DE898C68291C021E00FB744D /* FluencyUITests */,
			);
		};
/* End PBXProject section */

/* Begin PBXResourcesBuildPhase section */
		DE898C47291C021D00FB744D /* Resources */ = {
			isa = PBXResourcesBuildPhase;
			buildActionMask = 2147483647;
			files = (
				DE898C59291C021D00FB744D /* LaunchScreen.storyboard in Resources */,
				DE898C56291C021D00FB744D /* Assets.xcassets in Resources */,
				DE898C54291C021D00FB744D /* Main.storyboard in Resources */,
			);
			runOnlyForDeploymentPostprocessing = 0;
		};
		DE898C5D291C021E00FB744D /* Resources */ = {
			isa = PBXResourcesBuildPhase;
			buildActionMask = 2147483647;
			files = (
			);
			runOnlyForDeploymentPostprocessing = 0;
		};
		DE898C67291C021E00FB744D /* Resources */ = {
			isa = PBXResourcesBuildPhase;
			buildActionMask = 2147483647;
			files = (
			);
			runOnlyForDeploymentPostprocessing = 0;
		};
/* End PBXResourcesBuildPhase section */

/* Begin PBXShellScriptBuildPhase section */
		0BEBB770BA91CA85111BCFE0 /* [CP] Check Pods Manifest.lock */ = {
			isa = PBXShellScriptBuildPhase;
			buildActionMask = 2147483647;
			files = (
			);
			inputFileListPaths = (
			);
			inputPaths = (
				"${PODS_PODFILE_DIR_PATH}/Podfile.lock",
				"${PODS_ROOT}/Manifest.lock",
			);
			name = "[CP] Check Pods Manifest.lock";
			outputFileListPaths = (
			);
			outputPaths = (
				"$(DERIVED_FILE_DIR)/Pods-Fluency-checkManifestLockResult.txt",
			);
			runOnlyForDeploymentPostprocessing = 0;
			shellPath = /bin/sh;
			shellScript = "diff \"${PODS_PODFILE_DIR_PATH}/Podfile.lock\" \"${PODS_ROOT}/Manifest.lock\" > /dev/null\nif [ $? != 0 ] ; then\n    # print error to STDERR\n    echo \"error: The sandbox is not in sync with the Podfile.lock. Run 'pod install' or update your CocoaPods installation.\" >&2\n    exit 1\nfi\n# This output is used by Xcode 'outputs' to avoid re-running this script phase.\necho \"SUCCESS\" > \"${SCRIPT_OUTPUT_FILE_0}\"\n";
			showEnvVarsInLog = 0;
		};
		1572862DE536E4FFA3E77799 /* [CP] Check Pods Manifest.lock */ = {
			isa = PBXShellScriptBuildPhase;
			buildActionMask = 2147483647;
			files = (
			);
			inputFileListPaths = (
			);
			inputPaths = (
				"${PODS_PODFILE_DIR_PATH}/Podfile.lock",
				"${PODS_ROOT}/Manifest.lock",
			);
			name = "[CP] Check Pods Manifest.lock";
			outputFileListPaths = (
			);
			outputPaths = (
				"$(DERIVED_FILE_DIR)/Pods-Fluency-FluencyUITests-checkManifestLockResult.txt",
			);
			runOnlyForDeploymentPostprocessing = 0;
			shellPath = /bin/sh;
			shellScript = "diff \"${PODS_PODFILE_DIR_PATH}/Podfile.lock\" \"${PODS_ROOT}/Manifest.lock\" > /dev/null\nif [ $? != 0 ] ; then\n    # print error to STDERR\n    echo \"error: The sandbox is not in sync with the Podfile.lock. Run 'pod install' or update your CocoaPods installation.\" >&2\n    exit 1\nfi\n# This output is used by Xcode 'outputs' to avoid re-running this script phase.\necho \"SUCCESS\" > \"${SCRIPT_OUTPUT_FILE_0}\"\n";
			showEnvVarsInLog = 0;
		};
		5487E2BE22BFC8AEF95B6B80 /* [CP] Embed Pods Frameworks */ = {
			isa = PBXShellScriptBuildPhase;
			buildActionMask = 2147483647;
			files = (
			);
			inputFileListPaths = (
				"${PODS_ROOT}/Target Support Files/Pods-Fluency-FluencyUITests/Pods-Fluency-FluencyUITests-frameworks-${CONFIGURATION}-input-files.xcfilelist",
			);
			name = "[CP] Embed Pods Frameworks";
			outputFileListPaths = (
				"${PODS_ROOT}/Target Support Files/Pods-Fluency-FluencyUITests/Pods-Fluency-FluencyUITests-frameworks-${CONFIGURATION}-output-files.xcfilelist",
			);
			runOnlyForDeploymentPostprocessing = 0;
			shellPath = /bin/sh;
			shellScript = "\"${PODS_ROOT}/Target Support Files/Pods-Fluency-FluencyUITests/Pods-Fluency-FluencyUITests-frameworks.sh\"\n";
			showEnvVarsInLog = 0;
		};
		BFBD9356242F14EC1C639E71 /* [CP] Copy Pods Resources */ = {
			isa = PBXShellScriptBuildPhase;
			buildActionMask = 2147483647;
			files = (
			);
			inputFileListPaths = (
				"${PODS_ROOT}/Target Support Files/Pods-Fluency-FluencyUITests/Pods-Fluency-FluencyUITests-resources-${CONFIGURATION}-input-files.xcfilelist",
			);
			name = "[CP] Copy Pods Resources";
			outputFileListPaths = (
				"${PODS_ROOT}/Target Support Files/Pods-Fluency-FluencyUITests/Pods-Fluency-FluencyUITests-resources-${CONFIGURATION}-output-files.xcfilelist",
			);
			runOnlyForDeploymentPostprocessing = 0;
			shellPath = /bin/sh;
			shellScript = "\"${PODS_ROOT}/Target Support Files/Pods-Fluency-FluencyUITests/Pods-Fluency-FluencyUITests-resources.sh\"\n";
			showEnvVarsInLog = 0;
		};
		D7871ED125502DE13092BA1A /* [CP] Copy Pods Resources */ = {
			isa = PBXShellScriptBuildPhase;
			buildActionMask = 2147483647;
			files = (
			);
			inputFileListPaths = (
				"${PODS_ROOT}/Target Support Files/Pods-Fluency/Pods-Fluency-resources-${CONFIGURATION}-input-files.xcfilelist",
			);
			name = "[CP] Copy Pods Resources";
			outputFileListPaths = (
				"${PODS_ROOT}/Target Support Files/Pods-Fluency/Pods-Fluency-resources-${CONFIGURATION}-output-files.xcfilelist",
			);
			runOnlyForDeploymentPostprocessing = 0;
			shellPath = /bin/sh;
			shellScript = "\"${PODS_ROOT}/Target Support Files/Pods-Fluency/Pods-Fluency-resources.sh\"\n";
			showEnvVarsInLog = 0;
		};
		DD185B89F9E320A436BA7C96 /* [CP] Embed Pods Frameworks */ = {
			isa = PBXShellScriptBuildPhase;
			buildActionMask = 2147483647;
			files = (
			);
			inputFileListPaths = (
				"${PODS_ROOT}/Target Support Files/Pods-Fluency/Pods-Fluency-frameworks-${CONFIGURATION}-input-files.xcfilelist",
			);
			name = "[CP] Embed Pods Frameworks";
			outputFileListPaths = (
				"${PODS_ROOT}/Target Support Files/Pods-Fluency/Pods-Fluency-frameworks-${CONFIGURATION}-output-files.xcfilelist",
			);
			runOnlyForDeploymentPostprocessing = 0;
			shellPath = /bin/sh;
			shellScript = "\"${PODS_ROOT}/Target Support Files/Pods-Fluency/Pods-Fluency-frameworks.sh\"\n";
			showEnvVarsInLog = 0;
		};
		FD934F8EBE382460A02D1385 /* [CP] Check Pods Manifest.lock */ = {
			isa = PBXShellScriptBuildPhase;
			buildActionMask = 2147483647;
			files = (
			);
			inputFileListPaths = (
			);
			inputPaths = (
				"${PODS_PODFILE_DIR_PATH}/Podfile.lock",
				"${PODS_ROOT}/Manifest.lock",
			);
			name = "[CP] Check Pods Manifest.lock";
			outputFileListPaths = (
			);
			outputPaths = (
				"$(DERIVED_FILE_DIR)/Pods-FluencyTests-checkManifestLockResult.txt",
			);
			runOnlyForDeploymentPostprocessing = 0;
			shellPath = /bin/sh;
			shellScript = "diff \"${PODS_PODFILE_DIR_PATH}/Podfile.lock\" \"${PODS_ROOT}/Manifest.lock\" > /dev/null\nif [ $? != 0 ] ; then\n    # print error to STDERR\n    echo \"error: The sandbox is not in sync with the Podfile.lock. Run 'pod install' or update your CocoaPods installation.\" >&2\n    exit 1\nfi\n# This output is used by Xcode 'outputs' to avoid re-running this script phase.\necho \"SUCCESS\" > \"${SCRIPT_OUTPUT_FILE_0}\"\n";
			showEnvVarsInLog = 0;
		};
/* End PBXShellScriptBuildPhase section */

/* Begin PBXSourcesBuildPhase section */
		DE898C45291C021D00FB744D /* Sources */ = {
			isa = PBXSourcesBuildPhase;
			buildActionMask = 2147483647;
			files = (
				DE898C51291C021D00FB744D /* TranslationViewController.swift in Sources */,
				DE898C4D291C021D00FB744D /* AppDelegate.swift in Sources */,
				DE898C4F291C021D00FB744D /* SceneDelegate.swift in Sources */,
				DEE1CC40291C2A000062CE86 /* AppExtensions.swift in Sources */,
				DEE1CC43291C2AAE0062CE86 /* AppConstants.swift in Sources */,
			);
			runOnlyForDeploymentPostprocessing = 0;
		};
		DE898C5B291C021E00FB744D /* Sources */ = {
			isa = PBXSourcesBuildPhase;
			buildActionMask = 2147483647;
			files = (
				DE898C64291C021E00FB744D /* FluencyTests.swift in Sources */,
			);
			runOnlyForDeploymentPostprocessing = 0;
		};
		DE898C65291C021E00FB744D /* Sources */ = {
			isa = PBXSourcesBuildPhase;
			buildActionMask = 2147483647;
			files = (
				DE898C6E291C021E00FB744D /* FluencyUITests.swift in Sources */,
				DE898C70291C021E00FB744D /* FluencyUITestsLaunchTests.swift in Sources */,
			);
			runOnlyForDeploymentPostprocessing = 0;
		};
/* End PBXSourcesBuildPhase section */

/* Begin PBXTargetDependency section */
		DE898C61291C021E00FB744D /* PBXTargetDependency */ = {
			isa = PBXTargetDependency;
			target = DE898C48291C021D00FB744D /* Fluency */;
			targetProxy = DE898C60291C021E00FB744D /* PBXContainerItemProxy */;
		};
		DE898C6B291C021E00FB744D /* PBXTargetDependency */ = {
			isa = PBXTargetDependency;
			target = DE898C48291C021D00FB744D /* Fluency */;
			targetProxy = DE898C6A291C021E00FB744D /* PBXContainerItemProxy */;
		};
/* End PBXTargetDependency section */

/* Begin PBXVariantGroup section */
		DE898C52291C021D00FB744D /* Main.storyboard */ = {
			isa = PBXVariantGroup;
			children = (
				DE898C53291C021D00FB744D /* Base */,
			);
			name = Main.storyboard;
			sourceTree = "<group>";
		};
		DE898C57291C021D00FB744D /* LaunchScreen.storyboard */ = {
			isa = PBXVariantGroup;
			children = (
				DE898C58291C021D00FB744D /* Base */,
			);
			name = LaunchScreen.storyboard;
			sourceTree = "<group>";
		};
/* End PBXVariantGroup section */

/* Begin XCBuildConfiguration section */
		DE898C71291C021E00FB744D /* Debug */ = {
			isa = XCBuildConfiguration;
			buildSettings = {
				ALWAYS_SEARCH_USER_PATHS = NO;
				CLANG_ANALYZER_NONNULL = YES;
				CLANG_ANALYZER_NUMBER_OBJECT_CONVERSION = YES_AGGRESSIVE;
				CLANG_CXX_LANGUAGE_STANDARD = "gnu++20";
				CLANG_ENABLE_MODULES = YES;
				CLANG_ENABLE_OBJC_ARC = YES;
				CLANG_ENABLE_OBJC_WEAK = YES;
				CLANG_WARN_BLOCK_CAPTURE_AUTORELEASING = YES;
				CLANG_WARN_BOOL_CONVERSION = YES;
				CLANG_WARN_COMMA = YES;
				CLANG_WARN_CONSTANT_CONVERSION = YES;
				CLANG_WARN_DEPRECATED_OBJC_IMPLEMENTATIONS = YES;
				CLANG_WARN_DIRECT_OBJC_ISA_USAGE = YES_ERROR;
				CLANG_WARN_DOCUMENTATION_COMMENTS = YES;
				CLANG_WARN_EMPTY_BODY = YES;
				CLANG_WARN_ENUM_CONVERSION = YES;
				CLANG_WARN_INFINITE_RECURSION = YES;
				CLANG_WARN_INT_CONVERSION = YES;
				CLANG_WARN_NON_LITERAL_NULL_CONVERSION = YES;
				CLANG_WARN_OBJC_IMPLICIT_RETAIN_SELF = YES;
				CLANG_WARN_OBJC_LITERAL_CONVERSION = YES;
				CLANG_WARN_OBJC_ROOT_CLASS = YES_ERROR;
				CLANG_WARN_QUOTED_INCLUDE_IN_FRAMEWORK_HEADER = YES;
				CLANG_WARN_RANGE_LOOP_ANALYSIS = YES;
				CLANG_WARN_STRICT_PROTOTYPES = YES;
				CLANG_WARN_SUSPICIOUS_MOVE = YES;
				CLANG_WARN_UNGUARDED_AVAILABILITY = YES_AGGRESSIVE;
				CLANG_WARN_UNREACHABLE_CODE = YES;
				CLANG_WARN__DUPLICATE_METHOD_MATCH = YES;
				COPY_PHASE_STRIP = NO;
				DEBUG_INFORMATION_FORMAT = dwarf;
				ENABLE_STRICT_OBJC_MSGSEND = YES;
				ENABLE_TESTABILITY = YES;
				GCC_C_LANGUAGE_STANDARD = gnu11;
				GCC_DYNAMIC_NO_PIC = NO;
				GCC_NO_COMMON_BLOCKS = YES;
				GCC_OPTIMIZATION_LEVEL = 0;
				GCC_PREPROCESSOR_DEFINITIONS = (
					"DEBUG=1",
					"$(inherited)",
				);
				GCC_WARN_64_TO_32_BIT_CONVERSION = YES;
				GCC_WARN_ABOUT_RETURN_TYPE = YES_ERROR;
				GCC_WARN_UNDECLARED_SELECTOR = YES;
				GCC_WARN_UNINITIALIZED_AUTOS = YES_AGGRESSIVE;
				GCC_WARN_UNUSED_FUNCTION = YES;
				GCC_WARN_UNUSED_VARIABLE = YES;
				IPHONEOS_DEPLOYMENT_TARGET = 16.1;
				MTL_ENABLE_DEBUG_INFO = INCLUDE_SOURCE;
				MTL_FAST_MATH = YES;
				ONLY_ACTIVE_ARCH = YES;
				SDKROOT = iphoneos;
				SWIFT_ACTIVE_COMPILATION_CONDITIONS = DEBUG;
				SWIFT_OPTIMIZATION_LEVEL = "-Onone";
			};
			name = Debug;
		};
		DE898C72291C021E00FB744D /* Release */ = {
			isa = XCBuildConfiguration;
			buildSettings = {
				ALWAYS_SEARCH_USER_PATHS = NO;
				CLANG_ANALYZER_NONNULL = YES;
				CLANG_ANALYZER_NUMBER_OBJECT_CONVERSION = YES_AGGRESSIVE;
				CLANG_CXX_LANGUAGE_STANDARD = "gnu++20";
				CLANG_ENABLE_MODULES = YES;
				CLANG_ENABLE_OBJC_ARC = YES;
				CLANG_ENABLE_OBJC_WEAK = YES;
				CLANG_WARN_BLOCK_CAPTURE_AUTORELEASING = YES;
				CLANG_WARN_BOOL_CONVERSION = YES;
				CLANG_WARN_COMMA = YES;
				CLANG_WARN_CONSTANT_CONVERSION = YES;
				CLANG_WARN_DEPRECATED_OBJC_IMPLEMENTATIONS = YES;
				CLANG_WARN_DIRECT_OBJC_ISA_USAGE = YES_ERROR;
				CLANG_WARN_DOCUMENTATION_COMMENTS = YES;
				CLANG_WARN_EMPTY_BODY = YES;
				CLANG_WARN_ENUM_CONVERSION = YES;
				CLANG_WARN_INFINITE_RECURSION = YES;
				CLANG_WARN_INT_CONVERSION = YES;
				CLANG_WARN_NON_LITERAL_NULL_CONVERSION = YES;
				CLANG_WARN_OBJC_IMPLICIT_RETAIN_SELF = YES;
				CLANG_WARN_OBJC_LITERAL_CONVERSION = YES;
				CLANG_WARN_OBJC_ROOT_CLASS = YES_ERROR;
				CLANG_WARN_QUOTED_INCLUDE_IN_FRAMEWORK_HEADER = YES;
				CLANG_WARN_RANGE_LOOP_ANALYSIS = YES;
				CLANG_WARN_STRICT_PROTOTYPES = YES;
				CLANG_WARN_SUSPICIOUS_MOVE = YES;
				CLANG_WARN_UNGUARDED_AVAILABILITY = YES_AGGRESSIVE;
				CLANG_WARN_UNREACHABLE_CODE = YES;
				CLANG_WARN__DUPLICATE_METHOD_MATCH = YES;
				COPY_PHASE_STRIP = NO;
				DEBUG_INFORMATION_FORMAT = "dwarf-with-dsym";
				ENABLE_NS_ASSERTIONS = NO;
				ENABLE_STRICT_OBJC_MSGSEND = YES;
				GCC_C_LANGUAGE_STANDARD = gnu11;
				GCC_NO_COMMON_BLOCKS = YES;
				GCC_WARN_64_TO_32_BIT_CONVERSION = YES;
				GCC_WARN_ABOUT_RETURN_TYPE = YES_ERROR;
				GCC_WARN_UNDECLARED_SELECTOR = YES;
				GCC_WARN_UNINITIALIZED_AUTOS = YES_AGGRESSIVE;
				GCC_WARN_UNUSED_FUNCTION = YES;
				GCC_WARN_UNUSED_VARIABLE = YES;
				IPHONEOS_DEPLOYMENT_TARGET = 16.1;
				MTL_ENABLE_DEBUG_INFO = NO;
				MTL_FAST_MATH = YES;
				SDKROOT = iphoneos;
				SWIFT_COMPILATION_MODE = wholemodule;
				SWIFT_OPTIMIZATION_LEVEL = "-O";
				VALIDATE_PRODUCT = YES;
			};
			name = Release;
		};
		DE898C74291C021E00FB744D /* Debug */ = {
			isa = XCBuildConfiguration;
			baseConfigurationReference = DB0F8EF4771BA3017151ED3B /* Pods-Fluency.debug.xcconfig */;
			buildSettings = {
				ASSETCATALOG_COMPILER_APPICON_NAME = AppIcon;
				ASSETCATALOG_COMPILER_GLOBAL_ACCENT_COLOR_NAME = AccentColor;
				CODE_SIGN_IDENTITY = "Apple Development";
				CODE_SIGN_STYLE = Automatic;
				CURRENT_PROJECT_VERSION = 1;
				DEVELOPMENT_TEAM = WD28M49YQQ;
				GENERATE_INFOPLIST_FILE = YES;
				INFOPLIST_FILE = Fluency/Info.plist;
				INFOPLIST_KEY_UIApplicationSupportsIndirectInputEvents = YES;
				INFOPLIST_KEY_UILaunchStoryboardName = LaunchScreen;
				INFOPLIST_KEY_UIMainStoryboardFile = Main;
				INFOPLIST_KEY_UISupportedInterfaceOrientations_iPad = "UIInterfaceOrientationPortrait UIInterfaceOrientationPortraitUpsideDown UIInterfaceOrientationLandscapeLeft UIInterfaceOrientationLandscapeRight";
				INFOPLIST_KEY_UISupportedInterfaceOrientations_iPhone = "UIInterfaceOrientationPortrait UIInterfaceOrientationLandscapeLeft UIInterfaceOrientationLandscapeRight";
				LD_RUNPATH_SEARCH_PATHS = (
					"$(inherited)",
					"@executable_path/Frameworks",
				);
				MARKETING_VERSION = 1.0;
				PRODUCT_BUNDLE_IDENTIFIER = com.ArjunMohan.Fluency;
				PRODUCT_NAME = "$(TARGET_NAME)";
				PROVISIONING_PROFILE_SPECIFIER = "";
				SWIFT_EMIT_LOC_STRINGS = YES;
				SWIFT_VERSION = 5.0;
				TARGETED_DEVICE_FAMILY = "1,2";
			};
			name = Debug;
		};
		DE898C75291C021E00FB744D /* Release */ = {
			isa = XCBuildConfiguration;
			baseConfigurationReference = F37A9956E7FD27513A806355 /* Pods-Fluency.release.xcconfig */;
			buildSettings = {
				ASSETCATALOG_COMPILER_APPICON_NAME = AppIcon;
				ASSETCATALOG_COMPILER_GLOBAL_ACCENT_COLOR_NAME = AccentColor;
				CODE_SIGN_IDENTITY = "Apple Development";
				CODE_SIGN_STYLE = Automatic;
				CURRENT_PROJECT_VERSION = 1;
				DEVELOPMENT_TEAM = WD28M49YQQ;
				GENERATE_INFOPLIST_FILE = YES;
				INFOPLIST_FILE = Fluency/Info.plist;
				INFOPLIST_KEY_UIApplicationSupportsIndirectInputEvents = YES;
				INFOPLIST_KEY_UILaunchStoryboardName = LaunchScreen;
				INFOPLIST_KEY_UIMainStoryboardFile = Main;
				INFOPLIST_KEY_UISupportedInterfaceOrientations_iPad = "UIInterfaceOrientationPortrait UIInterfaceOrientationPortraitUpsideDown UIInterfaceOrientationLandscapeLeft UIInterfaceOrientationLandscapeRight";
				INFOPLIST_KEY_UISupportedInterfaceOrientations_iPhone = "UIInterfaceOrientationPortrait UIInterfaceOrientationLandscapeLeft UIInterfaceOrientationLandscapeRight";
				LD_RUNPATH_SEARCH_PATHS = (
					"$(inherited)",
					"@executable_path/Frameworks",
				);
				MARKETING_VERSION = 1.0;
				PRODUCT_BUNDLE_IDENTIFIER = com.ArjunMohan.Fluency;
				PRODUCT_NAME = "$(TARGET_NAME)";
				PROVISIONING_PROFILE_SPECIFIER = "";
				SWIFT_EMIT_LOC_STRINGS = YES;
				SWIFT_VERSION = 5.0;
				TARGETED_DEVICE_FAMILY = "1,2";
			};
			name = Release;
		};
		DE898C77291C021E00FB744D /* Debug */ = {
			isa = XCBuildConfiguration;
			baseConfigurationReference = 9C204872E5CE5C19443FB31C /* Pods-FluencyTests.debug.xcconfig */;
			buildSettings = {
				ALWAYS_EMBED_SWIFT_STANDARD_LIBRARIES = YES;
				BUNDLE_LOADER = "$(TEST_HOST)";
				CODE_SIGN_STYLE = Automatic;
				CURRENT_PROJECT_VERSION = 1;
				DEVELOPMENT_TEAM = WD28M49YQQ;
				GENERATE_INFOPLIST_FILE = YES;
				IPHONEOS_DEPLOYMENT_TARGET = 16.1;
				MARKETING_VERSION = 1.0;
				PRODUCT_BUNDLE_IDENTIFIER = com.ArjunMohan.FluencyTests;
				PRODUCT_NAME = "$(TARGET_NAME)";
				SWIFT_EMIT_LOC_STRINGS = NO;
				SWIFT_VERSION = 5.0;
				TARGETED_DEVICE_FAMILY = "1,2";
				TEST_HOST = "$(BUILT_PRODUCTS_DIR)/Fluency.app/$(BUNDLE_EXECUTABLE_FOLDER_PATH)/Fluency";
			};
			name = Debug;
		};
		DE898C78291C021E00FB744D /* Release */ = {
			isa = XCBuildConfiguration;
			baseConfigurationReference = 7F509DBBDA674F865689D38E /* Pods-FluencyTests.release.xcconfig */;
			buildSettings = {
				ALWAYS_EMBED_SWIFT_STANDARD_LIBRARIES = YES;
				BUNDLE_LOADER = "$(TEST_HOST)";
				CODE_SIGN_STYLE = Automatic;
				CURRENT_PROJECT_VERSION = 1;
				DEVELOPMENT_TEAM = WD28M49YQQ;
				GENERATE_INFOPLIST_FILE = YES;
				IPHONEOS_DEPLOYMENT_TARGET = 16.1;
				MARKETING_VERSION = 1.0;
				PRODUCT_BUNDLE_IDENTIFIER = com.ArjunMohan.FluencyTests;
				PRODUCT_NAME = "$(TARGET_NAME)";
				SWIFT_EMIT_LOC_STRINGS = NO;
				SWIFT_VERSION = 5.0;
				TARGETED_DEVICE_FAMILY = "1,2";
				TEST_HOST = "$(BUILT_PRODUCTS_DIR)/Fluency.app/$(BUNDLE_EXECUTABLE_FOLDER_PATH)/Fluency";
			};
			name = Release;
		};
		DE898C7A291C021E00FB744D /* Debug */ = {
			isa = XCBuildConfiguration;
			baseConfigurationReference = 070367CA19D83AEBEA48E18C /* Pods-Fluency-FluencyUITests.debug.xcconfig */;
			buildSettings = {
				ALWAYS_EMBED_SWIFT_STANDARD_LIBRARIES = YES;
				CODE_SIGN_STYLE = Automatic;
				CURRENT_PROJECT_VERSION = 1;
				DEVELOPMENT_TEAM = WD28M49YQQ;
				GENERATE_INFOPLIST_FILE = YES;
				MARKETING_VERSION = 1.0;
				PRODUCT_BUNDLE_IDENTIFIER = com.ArjunMohan.FluencyUITests;
				PRODUCT_NAME = "$(TARGET_NAME)";
				SWIFT_EMIT_LOC_STRINGS = NO;
				SWIFT_VERSION = 5.0;
				TARGETED_DEVICE_FAMILY = "1,2";
				TEST_TARGET_NAME = Fluency;
			};
			name = Debug;
		};
		DE898C7B291C021E00FB744D /* Release */ = {
			isa = XCBuildConfiguration;
			baseConfigurationReference = 0C285CF55ADCFCAA347FF5A8 /* Pods-Fluency-FluencyUITests.release.xcconfig */;
			buildSettings = {
				ALWAYS_EMBED_SWIFT_STANDARD_LIBRARIES = YES;
				CODE_SIGN_STYLE = Automatic;
				CURRENT_PROJECT_VERSION = 1;
				DEVELOPMENT_TEAM = WD28M49YQQ;
				GENERATE_INFOPLIST_FILE = YES;
				MARKETING_VERSION = 1.0;
				PRODUCT_BUNDLE_IDENTIFIER = com.ArjunMohan.FluencyUITests;
				PRODUCT_NAME = "$(TARGET_NAME)";
				SWIFT_EMIT_LOC_STRINGS = NO;
				SWIFT_VERSION = 5.0;
				TARGETED_DEVICE_FAMILY = "1,2";
				TEST_TARGET_NAME = Fluency;
			};
			name = Release;
		};
/* End XCBuildConfiguration section */

/* Begin XCConfigurationList section */
		DE898C44291C021D00FB744D /* Build configuration list for PBXProject "Fluency" */ = {
			isa = XCConfigurationList;
			buildConfigurations = (
				DE898C71291C021E00FB744D /* Debug */,
				DE898C72291C021E00FB744D /* Release */,
			);
			defaultConfigurationIsVisible = 0;
			defaultConfigurationName = Release;
		};
		DE898C73291C021E00FB744D /* Build configuration list for PBXNativeTarget "Fluency" */ = {
			isa = XCConfigurationList;
			buildConfigurations = (
				DE898C74291C021E00FB744D /* Debug */,
				DE898C75291C021E00FB744D /* Release */,
			);
			defaultConfigurationIsVisible = 0;
			defaultConfigurationName = Release;
		};
		DE898C76291C021E00FB744D /* Build configuration list for PBXNativeTarget "FluencyTests" */ = {
			isa = XCConfigurationList;
			buildConfigurations = (
				DE898C77291C021E00FB744D /* Debug */,
				DE898C78291C021E00FB744D /* Release */,
			);
			defaultConfigurationIsVisible = 0;
			defaultConfigurationName = Release;
		};
		DE898C79291C021E00FB744D /* Build configuration list for PBXNativeTarget "FluencyUITests" */ = {
			isa = XCConfigurationList;
			buildConfigurations = (
				DE898C7A291C021E00FB744D /* Debug */,
				DE898C7B291C021E00FB744D /* Release */,
			);
			defaultConfigurationIsVisible = 0;
			defaultConfigurationName = Release;
		};
/* End XCConfigurationList section */
	};
	rootObject = DE898C41291C021D00FB744D /* Project object */;
}
